
Microsoft Visual Studio Solution File, Format Version 12.00
# Visual Studio 2013
VisualStudioVersion = 12.0.21005.1
MinimumVisualStudioVersion = 10.0.40219.1
Project("{FAE04EC0-301F-11D3-BF4B-00C04F79EFBC}") = "LY.Messager", "LY.Messager\LY.Messager.csproj", "{982FB8DD-88F3-4A06-8C28-8380BA706DCE}"
EndProject
Project("{FAE04EC0-301F-11D3-BF4B-00C04F79EFBC}") = "LY.WPF", "LY.WPF\LY.WPF.csproj", "{F30C6171-9EFC-454D-A395-20EF1B536ADA}"
EndProject
Project("{FAE04EC0-301F-11D3-BF4B-00C04F79EFBC}") = "LY.Logging", "LY.Logging\LY.Logging.csproj", "{B4D02837-B550-4FC5-BDF5-9DAC1D99343D}"
EndProject
Project("{FAE04EC0-301F-11D3-BF4B-00C04F79EFBC}") = "LY.MEF", "LY.MEF\LY.MEF.csproj", "{42543D63-B906-480F-BB44-978A8187A6FB}"
EndProject
Project("{FAE04EC0-301F-11D3-BF4B-00C04F79EFBC}") = "LY.MEF.Test", "LY.MEF.Test\LY.MEF.Test.csproj", "{B982DB40-A34D-4ED5-B2E0-6888A0AA738B}"
EndProject
Project("{2150E333-8FDC-42A3-9474-1A3956D46DE8}") = "Helper", "Helper", "{57E1B296-B446-4A66-9E5A-5491C5EEC065}"
EndProject
Project("{FAE04EC0-301F-11D3-BF4B-00C04F79EFBC}") = "LY.FileHelper", "LY.FileHelper\LY.FileHelper.csproj", "{95AEFD68-B487-4409-9FA8-8463D7A44633}"
EndProject
Project("{FAE04EC0-301F-11D3-BF4B-00C04F79EFBC}") = "LY.Helper", "LY.Helper\LY.Helper.csproj", "{4ED1B5F3-5D40-4097-9B34-B7426E063763}"
EndProject
Project("{FAE04EC0-301F-11D3-BF4B-00C04F79EFBC}") = "LY.WPF.Test", "LY.WPF.Test\LY.WPF.Test.csproj", "{4DF3A1E7-1B55-4F86-B951-5A1582187219}"
EndProject
Project("{FAE04EC0-301F-11D3-BF4B-00C04F79EFBC}") = "LY.DBHelper", "LY.DBHelper\LY.DBHelper.csproj", "{DD751D45-1CAE-440A-9913-568F74387BAE}"
EndProject
Project("{FAE04EC0-301F-11D3-BF4B-00C04F79EFBC}") = "LY.Communication", "LY.Communication\LY.Communication.csproj", "{6562432B-58ED-4780-BEDB-6ECC0F88DD85}"
EndProject
Project("{FAE04EC0-301F-11D3-BF4B-00C04F79EFBC}") = "LY.Autofac", "LY.Autofac\LY.Autofac.csproj", "{27B58CB2-1377-4C21-B387-40EC9484F218}"
EndProject
Project("{FAE04EC0-301F-11D3-BF4B-00C04F79EFBC}") = "LY.Autofac.Test", "LY.Autofac.Test\LY.Autofac.Test.csproj", "{11547759-D9B1-4129-A769-A72CA0E7DE55}"
EndProject
Project("{FAE04EC0-301F-11D3-BF4B-00C04F79EFBC}") = "LY.WPF.Permission", "LY.WPF.Permission\LY.WPF.Permission.csproj", "{2CF71559-1C7C-4933-B19F-789BE5153086}"
EndProject
Project("{FAE04EC0-301F-11D3-BF4B-00C04F79EFBC}") = "LY.Permission", "LY.Permission\LY.Permission.csproj", "{5699D544-C1CE-4735-8ABF-5FB4FCCEACDF}"
EndProject
Project("{FAE04EC0-301F-11D3-BF4B-00C04F79EFBC}") = "LY.MEF.AOP", "LY.MEF.AOP\LY.MEF.AOP.csproj", "{CAEE670D-F833-4595-9136-CBA7C758179D}"
EndProject
Project("{2150E333-8FDC-42A3-9474-1A3956D46DE8}") = "Test", "Test", "{C38700D7-4BF5-49BC-9EC9-03F34A2779A2}"
EndProject
Project("{FAE04EC0-301F-11D3-BF4B-00C04F79EFBC}") = "LY.MEF.AOP.Test", "LY.MEF.AOP.Test\LY.MEF.AOP.Test.csproj", "{AFAECDB3-AC49-4F84-9143-20E01980DF93}"
EndProject
Project("{FAE04EC0-301F-11D3-BF4B-00C04F79EFBC}") = "LY.CacheManager", "LY.CacheManager\LY.CacheManager.csproj", "{2BFA304E-EC7D-499C-A27F-964CCCC6FB13}"
EndProject
Project("{FAE04EC0-301F-11D3-BF4B-00C04F79EFBC}") = "LY.CacheManager.Test", "LY.CacheManager.Test\LY.CacheManager.Test.csproj", "{EEC866A8-8734-4CBD-ABC2-098B9BD414BC}"
EndProject
Global
	GlobalSection(SolutionConfigurationPlatforms) = preSolution
		Debug|Any CPU = Debug|Any CPU
		Release|Any CPU = Release|Any CPU
	EndGlobalSection
	GlobalSection(ProjectConfigurationPlatforms) = postSolution
		{982FB8DD-88F3-4A06-8C28-8380BA706DCE}.Debug|Any CPU.ActiveCfg = Debug|Any CPU
		{982FB8DD-88F3-4A06-8C28-8380BA706DCE}.Debug|Any CPU.Build.0 = Debug|Any CPU
		{982FB8DD-88F3-4A06-8C28-8380BA706DCE}.Release|Any CPU.ActiveCfg = Release|Any CPU
		{982FB8DD-88F3-4A06-8C28-8380BA706DCE}.Release|Any CPU.Build.0 = Release|Any CPU
		{F30C6171-9EFC-454D-A395-20EF1B536ADA}.Debug|Any CPU.ActiveCfg = Debug|Any CPU
		{F30C6171-9EFC-454D-A395-20EF1B536ADA}.Debug|Any CPU.Build.0 = Debug|Any CPU
		{F30C6171-9EFC-454D-A395-20EF1B536ADA}.Release|Any CPU.ActiveCfg = Release|Any CPU
		{F30C6171-9EFC-454D-A395-20EF1B536ADA}.Release|Any CPU.Build.0 = Release|Any CPU
		{B4D02837-B550-4FC5-BDF5-9DAC1D99343D}.Debug|Any CPU.ActiveCfg = Debug|Any CPU
		{B4D02837-B550-4FC5-BDF5-9DAC1D99343D}.Debug|Any CPU.Build.0 = Debug|Any CPU
		{B4D02837-B550-4FC5-BDF5-9DAC1D99343D}.Release|Any CPU.ActiveCfg = Release|Any CPU
		{B4D02837-B550-4FC5-BDF5-9DAC1D99343D}.Release|Any CPU.Build.0 = Release|Any CPU
		{42543D63-B906-480F-BB44-978A8187A6FB}.Debug|Any CPU.ActiveCfg = Debug|Any CPU
		{42543D63-B906-480F-BB44-978A8187A6FB}.Debug|Any CPU.Build.0 = Debug|Any CPU
		{42543D63-B906-480F-BB44-978A8187A6FB}.Release|Any CPU.ActiveCfg = Release|Any CPU
		{42543D63-B906-480F-BB44-978A8187A6FB}.Release|Any CPU.Build.0 = Release|Any CPU
		{B982DB40-A34D-4ED5-B2E0-6888A0AA738B}.Debug|Any CPU.ActiveCfg = Debug|Any CPU
		{B982DB40-A34D-4ED5-B2E0-6888A0AA738B}.Debug|Any CPU.Build.0 = Debug|Any CPU
		{B982DB40-A34D-4ED5-B2E0-6888A0AA738B}.Release|Any CPU.ActiveCfg = Release|Any CPU
		{B982DB40-A34D-4ED5-B2E0-6888A0AA738B}.Release|Any CPU.Build.0 = Release|Any CPU
		{95AEFD68-B487-4409-9FA8-8463D7A44633}.Debug|Any CPU.ActiveCfg = Debug|Any CPU
		{95AEFD68-B487-4409-9FA8-8463D7A44633}.Debug|Any CPU.Build.0 = Debug|Any CPU
		{95AEFD68-B487-4409-9FA8-8463D7A44633}.Release|Any CPU.ActiveCfg = Release|Any CPU
		{95AEFD68-B487-4409-9FA8-8463D7A44633}.Release|Any CPU.Build.0 = Release|Any CPU
		{4ED1B5F3-5D40-4097-9B34-B7426E063763}.Debug|Any CPU.ActiveCfg = Debug|Any CPU
		{4ED1B5F3-5D40-4097-9B34-B7426E063763}.Debug|Any CPU.Build.0 = Debug|Any CPU
		{4ED1B5F3-5D40-4097-9B34-B7426E063763}.Release|Any CPU.ActiveCfg = Release|Any CPU
		{4ED1B5F3-5D40-4097-9B34-B7426E063763}.Release|Any CPU.Build.0 = Release|Any CPU
		{4DF3A1E7-1B55-4F86-B951-5A1582187219}.Debug|Any CPU.ActiveCfg = Debug|Any CPU
		{4DF3A1E7-1B55-4F86-B951-5A1582187219}.Debug|Any CPU.Build.0 = Debug|Any CPU
		{4DF3A1E7-1B55-4F86-B951-5A1582187219}.Release|Any CPU.ActiveCfg = Release|Any CPU
		{4DF3A1E7-1B55-4F86-B951-5A1582187219}.Release|Any CPU.Build.0 = Release|Any CPU
		{DD751D45-1CAE-440A-9913-568F74387BAE}.Debug|Any CPU.ActiveCfg = Debug|Any CPU
		{DD751D45-1CAE-440A-9913-568F74387BAE}.Debug|Any CPU.Build.0 = Debug|Any CPU
		{DD751D45-1CAE-440A-9913-568F74387BAE}.Release|Any CPU.ActiveCfg = Release|Any CPU
		{DD751D45-1CAE-440A-9913-568F74387BAE}.Release|Any CPU.Build.0 = Release|Any CPU
		{6562432B-58ED-4780-BEDB-6ECC0F88DD85}.Debug|Any CPU.ActiveCfg = Debug|Any CPU
		{6562432B-58ED-4780-BEDB-6ECC0F88DD85}.Debug|Any CPU.Build.0 = Debug|Any CPU
		{6562432B-58ED-4780-BEDB-6ECC0F88DD85}.Release|Any CPU.ActiveCfg = Release|Any CPU
		{6562432B-58ED-4780-BEDB-6ECC0F88DD85}.Release|Any CPU.Build.0 = Release|Any CPU
		{27B58CB2-1377-4C21-B387-40EC9484F218}.Debug|Any CPU.ActiveCfg = Debug|Any CPU
		{27B58CB2-1377-4C21-B387-40EC9484F218}.Debug|Any CPU.Build.0 = Debug|Any CPU
		{27B58CB2-1377-4C21-B387-40EC9484F218}.Release|Any CPU.ActiveCfg = Release|Any CPU
		{27B58CB2-1377-4C21-B387-40EC9484F218}.Release|Any CPU.Build.0 = Release|Any CPU
		{11547759-D9B1-4129-A769-A72CA0E7DE55}.Debug|Any CPU.ActiveCfg = Debug|Any CPU
		{11547759-D9B1-4129-A769-A72CA0E7DE55}.Debug|Any CPU.Build.0 = Debug|Any CPU
		{11547759-D9B1-4129-A769-A72CA0E7DE55}.Release|Any CPU.ActiveCfg = Release|Any CPU
		{11547759-D9B1-4129-A769-A72CA0E7DE55}.Release|Any CPU.Build.0 = Release|Any CPU
		{2CF71559-1C7C-4933-B19F-789BE5153086}.Debug|Any CPU.ActiveCfg = Debug|Any CPU
		{2CF71559-1C7C-4933-B19F-789BE5153086}.Debug|Any CPU.Build.0 = Debug|Any CPU
		{2CF71559-1C7C-4933-B19F-789BE5153086}.Release|Any CPU.ActiveCfg = Release|Any CPU
		{2CF71559-1C7C-4933-B19F-789BE5153086}.Release|Any CPU.Build.0 = Release|Any CPU
		{5699D544-C1CE-4735-8ABF-5FB4FCCEACDF}.Debug|Any CPU.ActiveCfg = Debug|Any CPU
		{5699D544-C1CE-4735-8ABF-5FB4FCCEACDF}.Debug|Any CPU.Build.0 = Debug|Any CPU
		{5699D544-C1CE-4735-8ABF-5FB4FCCEACDF}.Release|Any CPU.ActiveCfg = Release|Any CPU
		{5699D544-C1CE-4735-8ABF-5FB4FCCEACDF}.Release|Any CPU.Build.0 = Release|Any CPU
		{CAEE670D-F833-4595-9136-CBA7C758179D}.Debug|Any CPU.ActiveCfg = Debug|Any CPU
		{CAEE670D-F833-4595-9136-CBA7C758179D}.Debug|Any CPU.Build.0 = Debug|Any CPU
		{CAEE670D-F833-4595-9136-CBA7C758179D}.Release|Any CPU.ActiveCfg = Release|Any CPU
		{CAEE670D-F833-4595-9136-CBA7C758179D}.Release|Any CPU.Build.0 = Release|Any CPU
		{AFAECDB3-AC49-4F84-9143-20E01980DF93}.Debug|Any CPU.ActiveCfg = Debug|Any CPU
		{AFAECDB3-AC49-4F84-9143-20E01980DF93}.Debug|Any CPU.Build.0 = Debug|Any CPU
		{AFAECDB3-AC49-4F84-9143-20E01980DF93}.Release|Any CPU.ActiveCfg = Release|Any CPU
		{AFAECDB3-AC49-4F84-9143-20E01980DF93}.Release|Any CPU.Build.0 = Release|Any CPU
		{2BFA304E-EC7D-499C-A27F-964CCCC6FB13}.Debug|Any CPU.ActiveCfg = Debug|Any CPU
		{2BFA304E-EC7D-499C-A27F-964CCCC6FB13}.Debug|Any CPU.Build.0 = Debug|Any CPU
		{2BFA304E-EC7D-499C-A27F-964CCCC6FB13}.Release|Any CPU.ActiveCfg = Release|Any CPU
		{2BFA304E-EC7D-499C-A27F-964CCCC6FB13}.Release|Any CPU.Build.0 = Release|Any CPU
		{EEC866A8-8734-4CBD-ABC2-098B9BD414BC}.Debug|Any CPU.ActiveCfg = Debug|Any CPU
		{EEC866A8-8734-4CBD-ABC2-098B9BD414BC}.Debug|Any CPU.Build.0 = Debug|Any CPU
		{EEC866A8-8734-4CBD-ABC2-098B9BD414BC}.Release|Any CPU.ActiveCfg = Release|Any CPU
		{EEC866A8-8734-4CBD-ABC2-098B9BD414BC}.Release|Any CPU.Build.0 = Release|Any CPU
	EndGlobalSection
	GlobalSection(SolutionProperties) = preSolution
		HideSolutionNode = FALSE
	EndGlobalSection
	GlobalSection(NestedProjects) = preSolution
		{4DF3A1E7-1B55-4F86-B951-5A1582187219} = {C38700D7-4BF5-49BC-9EC9-03F34A2779A2}
		{11547759-D9B1-4129-A769-A72CA0E7DE55} = {C38700D7-4BF5-49BC-9EC9-03F34A2779A2}
		{B982DB40-A34D-4ED5-B2E0-6888A0AA738B} = {C38700D7-4BF5-49BC-9EC9-03F34A2779A2}
		{AFAECDB3-AC49-4F84-9143-20E01980DF93} = {C38700D7-4BF5-49BC-9EC9-03F34A2779A2}
		{EEC866A8-8734-4CBD-ABC2-098B9BD414BC} = {C38700D7-4BF5-49BC-9EC9-03F34A2779A2}
		{95AEFD68-B487-4409-9FA8-8463D7A44633} = {57E1B296-B446-4A66-9E5A-5491C5EEC065}
		{4ED1B5F3-5D40-4097-9B34-B7426E063763} = {57E1B296-B446-4A66-9E5A-5491C5EEC065}
		{DD751D45-1CAE-440A-9913-568F74387BAE} = {57E1B296-B446-4A66-9E5A-5491C5EEC065}
	EndGlobalSection
EndGlobal
